
Microsoft Visual Studio Solution File, Format Version 12.00
# Visual Studio Version 17
VisualStudioVersion = 17.7.34018.315
MinimumVisualStudioVersion = 10.0.40219.1
Project("{FAE04EC0-301F-11D3-BF4B-00C04F79EFBC}") = "POO P1", "POO P1\POO P1.csproj", "{67638996-062B-4BFC-8C06-9F3013B9E615}"
EndProject
Global
	GlobalSection(SolutionConfigurationPlatforms) = preSolution
		Debug|Any CPU = Debug|Any CPU
		Release|Any CPU = Release|Any CPU
	EndGlobalSection
	GlobalSection(ProjectConfigurationPlatforms) = postSolution
		{67638996-062B-4BFC-8C06-9F3013B9E615}.Debug|Any CPU.ActiveCfg = Debug|Any CPU
		{67638996-062B-4BFC-8C06-9F3013B9E615}.Debug|Any CPU.Build.0 = Debug|Any CPU
		{67638996-062B-4BFC-8C06-9F3013B9E615}.Release|Any CPU.ActiveCfg = Release|Any CPU
		{67638996-062B-4BFC-8C06-9F3013B9E615}.Release|Any CPU.Build.0 = Release|Any CPU
	EndGlobalSection
	GlobalSection(SolutionProperties) = preSolution
		HideSolutionNode = FALSE
	EndGlobalSection
	GlobalSection(ExtensibilityGlobals) = postSolution
		SolutionGuid = {C0A90EDC-2790-4DE5-BFF3-259C0CCA78E7}
	EndGlobalSection
EndGlobal
