
Microsoft Visual Studio Solution File, Format Version 12.00
# Visual Studio Version 17
VisualStudioVersion = 17.7.34018.315
MinimumVisualStudioVersion = 10.0.40219.1
Project("{FAE04EC0-301F-11D3-BF4B-00C04F79EFBC}") = "Punteros", "Punteros\Punteros.csproj", "{EF62D883-73C5-403C-ABF1-DD47F2C3AC4E}"
EndProject
Global
	GlobalSection(SolutionConfigurationPlatforms) = preSolution
		Debug|Any CPU = Debug|Any CPU
		Release|Any CPU = Release|Any CPU
	EndGlobalSection
	GlobalSection(ProjectConfigurationPlatforms) = postSolution
		{EF62D883-73C5-403C-ABF1-DD47F2C3AC4E}.Debug|Any CPU.ActiveCfg = Debug|Any CPU
		{EF62D883-73C5-403C-ABF1-DD47F2C3AC4E}.Debug|Any CPU.Build.0 = Debug|Any CPU
		{EF62D883-73C5-403C-ABF1-DD47F2C3AC4E}.Release|Any CPU.ActiveCfg = Release|Any CPU
		{EF62D883-73C5-403C-ABF1-DD47F2C3AC4E}.Release|Any CPU.Build.0 = Release|Any CPU
	EndGlobalSection
	GlobalSection(SolutionProperties) = preSolution
		HideSolutionNode = FALSE
	EndGlobalSection
	GlobalSection(ExtensibilityGlobals) = postSolution
		SolutionGuid = {3328CF4B-5B55-4EA9-A521-9E73B68C8E9D}
	EndGlobalSection
EndGlobal
